// !$*UTF8*$!
{
	archiveVersion = 1;
	classes = {
	};
	objectVersion = 56;
	objects = {

/* Begin PBXBuildFile section */
		04C7177A2954FA56000693BA /* FilmKitabiSwiftUIApp.swift in Sources */ = {isa = PBXBuildFile; fileRef = 04C717792954FA56000693BA /* FilmKitabiSwiftUIApp.swift */; };
		04C7177C2954FA56000693BA /* FilmListeView.swift in Sources */ = {isa = PBXBuildFile; fileRef = 04C7177B2954FA56000693BA /* FilmListeView.swift */; };
		04C7177E2954FA57000693BA /* Assets.xcassets in Resources */ = {isa = PBXBuildFile; fileRef = 04C7177D2954FA57000693BA /* Assets.xcassets */; };
		04C717822954FA57000693BA /* Preview Assets.xcassets in Resources */ = {isa = PBXBuildFile; fileRef = 04C717812954FA57000693BA /* Preview Assets.xcassets */; };
		04C7178C2954FA57000693BA /* FilmKitabiSwiftUITests.swift in Sources */ = {isa = PBXBuildFile; fileRef = 04C7178B2954FA57000693BA /* FilmKitabiSwiftUITests.swift */; };
		04C717962954FA57000693BA /* FilmKitabiSwiftUIUITests.swift in Sources */ = {isa = PBXBuildFile; fileRef = 04C717952954FA57000693BA /* FilmKitabiSwiftUIUITests.swift */; };
		04C717982954FA57000693BA /* FilmKitabiSwiftUIUITestsLaunchTests.swift in Sources */ = {isa = PBXBuildFile; fileRef = 04C717972954FA57000693BA /* FilmKitabiSwiftUIUITestsLaunchTests.swift */; };
		04C717A92954FE14000693BA /* Film.swift in Sources */ = {isa = PBXBuildFile; fileRef = 04C717A82954FE14000693BA /* Film.swift */; };
		04C717AC295501EB000693BA /* DownloaderClient.swift in Sources */ = {isa = PBXBuildFile; fileRef = 04C717AB295501EB000693BA /* DownloaderClient.swift */; };
		04CE54B1295601F500B434F5 /* FilmVievModel.swift in Sources */ = {isa = PBXBuildFile; fileRef = 04CE54B0295601F500B434F5 /* FilmVievModel.swift */; };
		04CE54B529561CBA00B434F5 /* ImageDownloader.swift in Sources */ = {isa = PBXBuildFile; fileRef = 04CE54B429561CBA00B434F5 /* ImageDownloader.swift */; };
		04CE54B729561DFD00B434F5 /* OzelImage.swift in Sources */ = {isa = PBXBuildFile; fileRef = 04CE54B629561DFD00B434F5 /* OzelImage.swift */; };
		04CE54B929563B3B00B434F5 /* FilmDetay.swift in Sources */ = {isa = PBXBuildFile; fileRef = 04CE54B829563B3B00B434F5 /* FilmDetay.swift */; };
		04CE54BB2956470700B434F5 /* FilmDetayViewModel.swift in Sources */ = {isa = PBXBuildFile; fileRef = 04CE54BA2956470700B434F5 /* FilmDetayViewModel.swift */; };
		04CE54BD29564BDB00B434F5 /* DetayView.swift in Sources */ = {isa = PBXBuildFile; fileRef = 04CE54BC29564BDB00B434F5 /* DetayView.swift */; };
/* End PBXBuildFile section */

/* Begin PBXContainerItemProxy section */
		04C717882954FA57000693BA /* PBXContainerItemProxy */ = {
			isa = PBXContainerItemProxy;
			containerPortal = 04C7176E2954FA56000693BA /* Project object */;
			proxyType = 1;
			remoteGlobalIDString = 04C717752954FA56000693BA;
			remoteInfo = FilmKitabiSwiftUI;
		};
		04C717922954FA57000693BA /* PBXContainerItemProxy */ = {
			isa = PBXContainerItemProxy;
			containerPortal = 04C7176E2954FA56000693BA /* Project object */;
			proxyType = 1;
			remoteGlobalIDString = 04C717752954FA56000693BA;
			remoteInfo = FilmKitabiSwiftUI;
		};
/* End PBXContainerItemProxy section */

/* Begin PBXFileReference section */
		04C717762954FA56000693BA /* FilmKitabiSwiftUI.app */ = {isa = PBXFileReference; explicitFileType = wrapper.application; includeInIndex = 0; path = FilmKitabiSwiftUI.app; sourceTree = BUILT_PRODUCTS_DIR; };
		04C717792954FA56000693BA /* FilmKitabiSwiftUIApp.swift */ = {isa = PBXFileReference; lastKnownFileType = sourcecode.swift; path = FilmKitabiSwiftUIApp.swift; sourceTree = "<group>"; };
		04C7177B2954FA56000693BA /* FilmListeView.swift */ = {isa = PBXFileReference; lastKnownFileType = sourcecode.swift; path = FilmListeView.swift; sourceTree = "<group>"; };
		04C7177D2954FA57000693BA /* Assets.xcassets */ = {isa = PBXFileReference; lastKnownFileType = folder.assetcatalog; path = Assets.xcassets; sourceTree = "<group>"; };
		04C7177F2954FA57000693BA /* FilmKitabiSwiftUI.entitlements */ = {isa = PBXFileReference; lastKnownFileType = text.plist.entitlements; path = FilmKitabiSwiftUI.entitlements; sourceTree = "<group>"; };
		04C717812954FA57000693BA /* Preview Assets.xcassets */ = {isa = PBXFileReference; lastKnownFileType = folder.assetcatalog; path = "Preview Assets.xcassets"; sourceTree = "<group>"; };
		04C717872954FA57000693BA /* FilmKitabiSwiftUITests.xctest */ = {isa = PBXFileReference; explicitFileType = wrapper.cfbundle; includeInIndex = 0; path = FilmKitabiSwiftUITests.xctest; sourceTree = BUILT_PRODUCTS_DIR; };
		04C7178B2954FA57000693BA /* FilmKitabiSwiftUITests.swift */ = {isa = PBXFileReference; lastKnownFileType = sourcecode.swift; path = FilmKitabiSwiftUITests.swift; sourceTree = "<group>"; };
		04C717912954FA57000693BA /* FilmKitabiSwiftUIUITests.xctest */ = {isa = PBXFileReference; explicitFileType = wrapper.cfbundle; includeInIndex = 0; path = FilmKitabiSwiftUIUITests.xctest; sourceTree = BUILT_PRODUCTS_DIR; };
		04C717952954FA57000693BA /* FilmKitabiSwiftUIUITests.swift */ = {isa = PBXFileReference; lastKnownFileType = sourcecode.swift; path = FilmKitabiSwiftUIUITests.swift; sourceTree = "<group>"; };
		04C717972954FA57000693BA /* FilmKitabiSwiftUIUITestsLaunchTests.swift */ = {isa = PBXFileReference; lastKnownFileType = sourcecode.swift; path = FilmKitabiSwiftUIUITestsLaunchTests.swift; sourceTree = "<group>"; };
		04C717A82954FE14000693BA /* Film.swift */ = {isa = PBXFileReference; lastKnownFileType = sourcecode.swift; path = Film.swift; sourceTree = "<group>"; };
		04C717AB295501EB000693BA /* DownloaderClient.swift */ = {isa = PBXFileReference; lastKnownFileType = sourcecode.swift; path = DownloaderClient.swift; sourceTree = "<group>"; };
		04CE54AF2955FE2800B434F5 /* Info.plist */ = {isa = PBXFileReference; lastKnownFileType = text.plist; path = Info.plist; sourceTree = "<group>"; };
		04CE54B0295601F500B434F5 /* FilmVievModel.swift */ = {isa = PBXFileReference; lastKnownFileType = sourcecode.swift; path = FilmVievModel.swift; sourceTree = "<group>"; };
		04CE54B429561CBA00B434F5 /* ImageDownloader.swift */ = {isa = PBXFileReference; lastKnownFileType = sourcecode.swift; path = ImageDownloader.swift; sourceTree = "<group>"; };
		04CE54B629561DFD00B434F5 /* OzelImage.swift */ = {isa = PBXFileReference; lastKnownFileType = sourcecode.swift; path = OzelImage.swift; sourceTree = "<group>"; };
		04CE54B829563B3B00B434F5 /* FilmDetay.swift */ = {isa = PBXFileReference; lastKnownFileType = sourcecode.swift; path = FilmDetay.swift; sourceTree = "<group>"; };
		04CE54BA2956470700B434F5 /* FilmDetayViewModel.swift */ = {isa = PBXFileReference; lastKnownFileType = sourcecode.swift; path = FilmDetayViewModel.swift; sourceTree = "<group>"; };
		04CE54BC29564BDB00B434F5 /* DetayView.swift */ = {isa = PBXFileReference; lastKnownFileType = sourcecode.swift; path = DetayView.swift; sourceTree = "<group>"; };
/* End PBXFileReference section */

/* Begin PBXFrameworksBuildPhase section */
		04C717732954FA56000693BA /* Frameworks */ = {
			isa = PBXFrameworksBuildPhase;
			buildActionMask = 2147483647;
			files = (
			);
			runOnlyForDeploymentPostprocessing = 0;
		};
		04C717842954FA57000693BA /* Frameworks */ = {
			isa = PBXFrameworksBuildPhase;
			buildActionMask = 2147483647;
			files = (
			);
			runOnlyForDeploymentPostprocessing = 0;
		};
		04C7178E2954FA57000693BA /* Frameworks */ = {
			isa = PBXFrameworksBuildPhase;
			buildActionMask = 2147483647;
			files = (
			);
			runOnlyForDeploymentPostprocessing = 0;
		};
/* End PBXFrameworksBuildPhase section */

/* Begin PBXGroup section */
		04C7176D2954FA56000693BA = {
			isa = PBXGroup;
			children = (
				04C717782954FA56000693BA /* FilmKitabiSwiftUI */,
				04C7178A2954FA57000693BA /* FilmKitabiSwiftUITests */,
				04C717942954FA57000693BA /* FilmKitabiSwiftUIUITests */,
				04C717772954FA56000693BA /* Products */,
			);
			sourceTree = "<group>";
		};
		04C717772954FA56000693BA /* Products */ = {
			isa = PBXGroup;
			children = (
				04C717762954FA56000693BA /* FilmKitabiSwiftUI.app */,
				04C717872954FA57000693BA /* FilmKitabiSwiftUITests.xctest */,
				04C717912954FA57000693BA /* FilmKitabiSwiftUIUITests.xctest */,
			);
			name = Products;
			sourceTree = "<group>";
		};
		04C717782954FA56000693BA /* FilmKitabiSwiftUI */ = {
			isa = PBXGroup;
			children = (
				04CE54AF2955FE2800B434F5 /* Info.plist */,
				04C717AA295501C7000693BA /* Service */,
				04C717A72954FDCA000693BA /* ViewModel */,
				04C717A62954FDBE000693BA /* View */,
				04C717A52954FDB8000693BA /* App */,
				04C717A42954FD8C000693BA /* Model */,
				04C7177D2954FA57000693BA /* Assets.xcassets */,
				04C7177F2954FA57000693BA /* FilmKitabiSwiftUI.entitlements */,
				04C717802954FA57000693BA /* Preview Content */,
			);
			path = FilmKitabiSwiftUI;
			sourceTree = "<group>";
		};
		04C717802954FA57000693BA /* Preview Content */ = {
			isa = PBXGroup;
			children = (
				04C717812954FA57000693BA /* Preview Assets.xcassets */,
			);
			path = "Preview Content";
			sourceTree = "<group>";
		};
		04C7178A2954FA57000693BA /* FilmKitabiSwiftUITests */ = {
			isa = PBXGroup;
			children = (
				04C7178B2954FA57000693BA /* FilmKitabiSwiftUITests.swift */,
			);
			path = FilmKitabiSwiftUITests;
			sourceTree = "<group>";
		};
		04C717942954FA57000693BA /* FilmKitabiSwiftUIUITests */ = {
			isa = PBXGroup;
			children = (
				04C717952954FA57000693BA /* FilmKitabiSwiftUIUITests.swift */,
				04C717972954FA57000693BA /* FilmKitabiSwiftUIUITestsLaunchTests.swift */,
			);
			path = FilmKitabiSwiftUIUITests;
			sourceTree = "<group>";
		};
		04C717A42954FD8C000693BA /* Model */ = {
			isa = PBXGroup;
			children = (
				04C717A82954FE14000693BA /* Film.swift */,
				04CE54B829563B3B00B434F5 /* FilmDetay.swift */,
			);
			path = Model;
			sourceTree = "<group>";
		};
		04C717A52954FDB8000693BA /* App */ = {
			isa = PBXGroup;
			children = (
				04C717792954FA56000693BA /* FilmKitabiSwiftUIApp.swift */,
			);
			path = App;
			sourceTree = "<group>";
		};
		04C717A62954FDBE000693BA /* View */ = {
			isa = PBXGroup;
			children = (
				04C7177B2954FA56000693BA /* FilmListeView.swift */,
				04CE54B629561DFD00B434F5 /* OzelImage.swift */,
				04CE54BC29564BDB00B434F5 /* DetayView.swift */,
			);
			path = View;
			sourceTree = "<group>";
		};
		04C717A72954FDCA000693BA /* ViewModel */ = {
			isa = PBXGroup;
			children = (
				04CE54B0295601F500B434F5 /* FilmVievModel.swift */,
				04CE54BA2956470700B434F5 /* FilmDetayViewModel.swift */,
			);
			path = ViewModel;
			sourceTree = "<group>";
		};
		04C717AA295501C7000693BA /* Service */ = {
			isa = PBXGroup;
			children = (
				04C717AB295501EB000693BA /* DownloaderClient.swift */,
				04CE54B429561CBA00B434F5 /* ImageDownloader.swift */,
			);
			path = Service;
			sourceTree = "<group>";
		};
/* End PBXGroup section */

/* Begin PBXNativeTarget section */
		04C717752954FA56000693BA /* FilmKitabiSwiftUI */ = {
			isa = PBXNativeTarget;
			buildConfigurationList = 04C7179B2954FA57000693BA /* Build configuration list for PBXNativeTarget "FilmKitabiSwiftUI" */;
			buildPhases = (
				04C717722954FA56000693BA /* Sources */,
				04C717732954FA56000693BA /* Frameworks */,
				04C717742954FA56000693BA /* Resources */,
			);
			buildRules = (
			);
			dependencies = (
			);
			name = FilmKitabiSwiftUI;
			productName = FilmKitabiSwiftUI;
			productReference = 04C717762954FA56000693BA /* FilmKitabiSwiftUI.app */;
			productType = "com.apple.product-type.application";
		};
		04C717862954FA57000693BA /* FilmKitabiSwiftUITests */ = {
			isa = PBXNativeTarget;
			buildConfigurationList = 04C7179E2954FA57000693BA /* Build configuration list for PBXNativeTarget "FilmKitabiSwiftUITests" */;
			buildPhases = (
				04C717832954FA57000693BA /* Sources */,
				04C717842954FA57000693BA /* Frameworks */,
				04C717852954FA57000693BA /* Resources */,
			);
			buildRules = (
			);
			dependencies = (
				04C717892954FA57000693BA /* PBXTargetDependency */,
			);
			name = FilmKitabiSwiftUITests;
			productName = FilmKitabiSwiftUITests;
			productReference = 04C717872954FA57000693BA /* FilmKitabiSwiftUITests.xctest */;
			productType = "com.apple.product-type.bundle.unit-test";
		};
		04C717902954FA57000693BA /* FilmKitabiSwiftUIUITests */ = {
			isa = PBXNativeTarget;
			buildConfigurationList = 04C717A12954FA57000693BA /* Build configuration list for PBXNativeTarget "FilmKitabiSwiftUIUITests" */;
			buildPhases = (
				04C7178D2954FA57000693BA /* Sources */,
				04C7178E2954FA57000693BA /* Frameworks */,
				04C7178F2954FA57000693BA /* Resources */,
			);
			buildRules = (
			);
			dependencies = (
				04C717932954FA57000693BA /* PBXTargetDependency */,
			);
			name = FilmKitabiSwiftUIUITests;
			productName = FilmKitabiSwiftUIUITests;
			productReference = 04C717912954FA57000693BA /* FilmKitabiSwiftUIUITests.xctest */;
			productType = "com.apple.product-type.bundle.ui-testing";
		};
/* End PBXNativeTarget section */

/* Begin PBXProject section */
		04C7176E2954FA56000693BA /* Project object */ = {
			isa = PBXProject;
			attributes = {
				BuildIndependentTargetsInParallel = 1;
				LastSwiftUpdateCheck = 1420;
				LastUpgradeCheck = 1420;
				TargetAttributes = {
					04C717752954FA56000693BA = {
						CreatedOnToolsVersion = 14.2;
					};
					04C717862954FA57000693BA = {
						CreatedOnToolsVersion = 14.2;
						TestTargetID = 04C717752954FA56000693BA;
					};
					04C717902954FA57000693BA = {
						CreatedOnToolsVersion = 14.2;
						TestTargetID = 04C717752954FA56000693BA;
					};
				};
			};
			buildConfigurationList = 04C717712954FA56000693BA /* Build configuration list for PBXProject "FilmKitabiSwiftUI" */;
			compatibilityVersion = "Xcode 14.0";
			developmentRegion = en;
			hasScannedForEncodings = 0;
			knownRegions = (
				en,
				Base,
			);
			mainGroup = 04C7176D2954FA56000693BA;
			productRefGroup = 04C717772954FA56000693BA /* Products */;
			projectDirPath = "";
			projectRoot = "";
			targets = (
				04C717752954FA56000693BA /* FilmKitabiSwiftUI */,
				04C717862954FA57000693BA /* FilmKitabiSwiftUITests */,
				04C717902954FA57000693BA /* FilmKitabiSwiftUIUITests */,
			);
		};
/* End PBXProject section */

/* Begin PBXResourcesBuildPhase section */
		04C717742954FA56000693BA /* Resources */ = {
			isa = PBXResourcesBuildPhase;
			buildActionMask = 2147483647;
			files = (
				04C717822954FA57000693BA /* Preview Assets.xcassets in Resources */,
				04C7177E2954FA57000693BA /* Assets.xcassets in Resources */,
			);
			runOnlyForDeploymentPostprocessing = 0;
		};
		04C717852954FA57000693BA /* Resources */ = {
			isa = PBXResourcesBuildPhase;
			buildActionMask = 2147483647;
			files = (
			);
			runOnlyForDeploymentPostprocessing = 0;
		};
		04C7178F2954FA57000693BA /* Resources */ = {
			isa = PBXResourcesBuildPhase;
			buildActionMask = 2147483647;
			files = (
			);
			runOnlyForDeploymentPostprocessing = 0;
		};
/* End PBXResourcesBuildPhase section */

/* Begin PBXSourcesBuildPhase section */
		04C717722954FA56000693BA /* Sources */ = {
			isa = PBXSourcesBuildPhase;
			buildActionMask = 2147483647;
			files = (
				04CE54BD29564BDB00B434F5 /* DetayView.swift in Sources */,
				04CE54B1295601F500B434F5 /* FilmVievModel.swift in Sources */,
				04CE54B929563B3B00B434F5 /* FilmDetay.swift in Sources */,
				04C7177C2954FA56000693BA /* FilmListeView.swift in Sources */,
				04CE54B729561DFD00B434F5 /* OzelImage.swift in Sources */,
				04C717A92954FE14000693BA /* Film.swift in Sources */,
				04C7177A2954FA56000693BA /* FilmKitabiSwiftUIApp.swift in Sources */,
				04CE54B529561CBA00B434F5 /* ImageDownloader.swift in Sources */,
				04CE54BB2956470700B434F5 /* FilmDetayViewModel.swift in Sources */,
				04C717AC295501EB000693BA /* DownloaderClient.swift in Sources */,
			);
			runOnlyForDeploymentPostprocessing = 0;
		};
		04C717832954FA57000693BA /* Sources */ = {
			isa = PBXSourcesBuildPhase;
			buildActionMask = 2147483647;
			files = (
				04C7178C2954FA57000693BA /* FilmKitabiSwiftUITests.swift in Sources */,
			);
			runOnlyForDeploymentPostprocessing = 0;
		};
		04C7178D2954FA57000693BA /* Sources */ = {
			isa = PBXSourcesBuildPhase;
			buildActionMask = 2147483647;
			files = (
				04C717982954FA57000693BA /* FilmKitabiSwiftUIUITestsLaunchTests.swift in Sources */,
				04C717962954FA57000693BA /* FilmKitabiSwiftUIUITests.swift in Sources */,
			);
			runOnlyForDeploymentPostprocessing = 0;
		};
/* End PBXSourcesBuildPhase section */

/* Begin PBXTargetDependency section */
		04C717892954FA57000693BA /* PBXTargetDependency */ = {
			isa = PBXTargetDependency;
			target = 04C717752954FA56000693BA /* FilmKitabiSwiftUI */;
			targetProxy = 04C717882954FA57000693BA /* PBXContainerItemProxy */;
		};
		04C717932954FA57000693BA /* PBXTargetDependency */ = {
			isa = PBXTargetDependency;
			target = 04C717752954FA56000693BA /* FilmKitabiSwiftUI */;
			targetProxy = 04C717922954FA57000693BA /* PBXContainerItemProxy */;
		};
/* End PBXTargetDependency section */

/* Begin XCBuildConfiguration section */
		04C717992954FA57000693BA /* Debug */ = {
			isa = XCBuildConfiguration;
			buildSettings = {
				ALWAYS_SEARCH_USER_PATHS = NO;
				CLANG_ANALYZER_NONNULL = YES;
				CLANG_ANALYZER_NUMBER_OBJECT_CONVERSION = YES_AGGRESSIVE;
				CLANG_CXX_LANGUAGE_STANDARD = "gnu++20";
				CLANG_ENABLE_MODULES = YES;
				CLANG_ENABLE_OBJC_ARC = YES;
				CLANG_ENABLE_OBJC_WEAK = YES;
				CLANG_WARN_BLOCK_CAPTURE_AUTORELEASING = YES;
				CLANG_WARN_BOOL_CONVERSION = YES;
				CLANG_WARN_COMMA = YES;
				CLANG_WARN_CONSTANT_CONVERSION = YES;
				CLANG_WARN_DEPRECATED_OBJC_IMPLEMENTATIONS = YES;
				CLANG_WARN_DIRECT_OBJC_ISA_USAGE = YES_ERROR;
				CLANG_WARN_DOCUMENTATION_COMMENTS = YES;
				CLANG_WARN_EMPTY_BODY = YES;
				CLANG_WARN_ENUM_CONVERSION = YES;
				CLANG_WARN_INFINITE_RECURSION = YES;
				CLANG_WARN_INT_CONVERSION = YES;
				CLANG_WARN_NON_LITERAL_NULL_CONVERSION = YES;
				CLANG_WARN_OBJC_IMPLICIT_RETAIN_SELF = YES;
				CLANG_WARN_OBJC_LITERAL_CONVERSION = YES;
				CLANG_WARN_OBJC_ROOT_CLASS = YES_ERROR;
				CLANG_WARN_QUOTED_INCLUDE_IN_FRAMEWORK_HEADER = YES;
				CLANG_WARN_RANGE_LOOP_ANALYSIS = YES;
				CLANG_WARN_STRICT_PROTOTYPES = YES;
				CLANG_WARN_SUSPICIOUS_MOVE = YES;
				CLANG_WARN_UNGUARDED_AVAILABILITY = YES_AGGRESSIVE;
				CLANG_WARN_UNREACHABLE_CODE = YES;
				CLANG_WARN__DUPLICATE_METHOD_MATCH = YES;
				COPY_PHASE_STRIP = NO;
				DEBUG_INFORMATION_FORMAT = dwarf;
				ENABLE_STRICT_OBJC_MSGSEND = YES;
				ENABLE_TESTABILITY = YES;
				GCC_C_LANGUAGE_STANDARD = gnu11;
				GCC_DYNAMIC_NO_PIC = NO;
				GCC_NO_COMMON_BLOCKS = YES;
				GCC_OPTIMIZATION_LEVEL = 0;
				GCC_PREPROCESSOR_DEFINITIONS = (
					"DEBUG=1",
					"$(inherited)",
				);
				GCC_WARN_64_TO_32_BIT_CONVERSION = YES;
				GCC_WARN_ABOUT_RETURN_TYPE = YES_ERROR;
				GCC_WARN_UNDECLARED_SELECTOR = YES;
				GCC_WARN_UNINITIALIZED_AUTOS = YES_AGGRESSIVE;
				GCC_WARN_UNUSED_FUNCTION = YES;
				GCC_WARN_UNUSED_VARIABLE = YES;
				MTL_ENABLE_DEBUG_INFO = INCLUDE_SOURCE;
				MTL_FAST_MATH = YES;
				ONLY_ACTIVE_ARCH = YES;
				SWIFT_ACTIVE_COMPILATION_CONDITIONS = DEBUG;
				SWIFT_OPTIMIZATION_LEVEL = "-Onone";
			};
			name = Debug;
		};
		04C7179A2954FA57000693BA /* Release */ = {
			isa = XCBuildConfiguration;
			buildSettings = {
				ALWAYS_SEARCH_USER_PATHS = NO;
				CLANG_ANALYZER_NONNULL = YES;
				CLANG_ANALYZER_NUMBER_OBJECT_CONVERSION = YES_AGGRESSIVE;
				CLANG_CXX_LANGUAGE_STANDARD = "gnu++20";
				CLANG_ENABLE_MODULES = YES;
				CLANG_ENABLE_OBJC_ARC = YES;
				CLANG_ENABLE_OBJC_WEAK = YES;
				CLANG_WARN_BLOCK_CAPTURE_AUTORELEASING = YES;
				CLANG_WARN_BOOL_CONVERSION = YES;
				CLANG_WARN_COMMA = YES;
				CLANG_WARN_CONSTANT_CONVERSION = YES;
				CLANG_WARN_DEPRECATED_OBJC_IMPLEMENTATIONS = YES;
				CLANG_WARN_DIRECT_OBJC_ISA_USAGE = YES_ERROR;
				CLANG_WARN_DOCUMENTATION_COMMENTS = YES;
				CLANG_WARN_EMPTY_BODY = YES;
				CLANG_WARN_ENUM_CONVERSION = YES;
				CLANG_WARN_INFINITE_RECURSION = YES;
				CLANG_WARN_INT_CONVERSION = YES;
				CLANG_WARN_NON_LITERAL_NULL_CONVERSION = YES;
				CLANG_WARN_OBJC_IMPLICIT_RETAIN_SELF = YES;
				CLANG_WARN_OBJC_LITERAL_CONVERSION = YES;
				CLANG_WARN_OBJC_ROOT_CLASS = YES_ERROR;
				CLANG_WARN_QUOTED_INCLUDE_IN_FRAMEWORK_HEADER = YES;
				CLANG_WARN_RANGE_LOOP_ANALYSIS = YES;
				CLANG_WARN_STRICT_PROTOTYPES = YES;
				CLANG_WARN_SUSPICIOUS_MOVE = YES;
				CLANG_WARN_UNGUARDED_AVAILABILITY = YES_AGGRESSIVE;
				CLANG_WARN_UNREACHABLE_CODE = YES;
				CLANG_WARN__DUPLICATE_METHOD_MATCH = YES;
				COPY_PHASE_STRIP = NO;
				DEBUG_INFORMATION_FORMAT = "dwarf-with-dsym";
				ENABLE_NS_ASSERTIONS = NO;
				ENABLE_STRICT_OBJC_MSGSEND = YES;
				GCC_C_LANGUAGE_STANDARD = gnu11;
				GCC_NO_COMMON_BLOCKS = YES;
				GCC_WARN_64_TO_32_BIT_CONVERSION = YES;
				GCC_WARN_ABOUT_RETURN_TYPE = YES_ERROR;
				GCC_WARN_UNDECLARED_SELECTOR = YES;
				GCC_WARN_UNINITIALIZED_AUTOS = YES_AGGRESSIVE;
				GCC_WARN_UNUSED_FUNCTION = YES;
				GCC_WARN_UNUSED_VARIABLE = YES;
				MTL_ENABLE_DEBUG_INFO = NO;
				MTL_FAST_MATH = YES;
				SWIFT_COMPILATION_MODE = wholemodule;
				SWIFT_OPTIMIZATION_LEVEL = "-O";
			};
			name = Release;
		};
		04C7179C2954FA57000693BA /* Debug */ = {
			isa = XCBuildConfiguration;
			buildSettings = {
				ASSETCATALOG_COMPILER_APPICON_NAME = AppIcon;
				ASSETCATALOG_COMPILER_GLOBAL_ACCENT_COLOR_NAME = AccentColor;
				CODE_SIGN_ENTITLEMENTS = FilmKitabiSwiftUI/FilmKitabiSwiftUI.entitlements;
				CODE_SIGN_STYLE = Automatic;
				CURRENT_PROJECT_VERSION = 1;
				DEVELOPMENT_ASSET_PATHS = "\"FilmKitabiSwiftUI/Preview Content\"";
				DEVELOPMENT_TEAM = F5DCDDDQPA;
				ENABLE_HARDENED_RUNTIME = YES;
				ENABLE_PREVIEWS = YES;
				GENERATE_INFOPLIST_FILE = YES;
				INFOPLIST_FILE = FilmKitabiSwiftUI/Info.plist;
				"INFOPLIST_KEY_UIApplicationSceneManifest_Generation[sdk=iphoneos*]" = YES;
				"INFOPLIST_KEY_UIApplicationSceneManifest_Generation[sdk=iphonesimulator*]" = YES;
				"INFOPLIST_KEY_UIApplicationSupportsIndirectInputEvents[sdk=iphoneos*]" = YES;
				"INFOPLIST_KEY_UIApplicationSupportsIndirectInputEvents[sdk=iphonesimulator*]" = YES;
				"INFOPLIST_KEY_UILaunchScreen_Generation[sdk=iphoneos*]" = YES;
				"INFOPLIST_KEY_UILaunchScreen_Generation[sdk=iphonesimulator*]" = YES;
				"INFOPLIST_KEY_UIStatusBarStyle[sdk=iphoneos*]" = UIStatusBarStyleDefault;
				"INFOPLIST_KEY_UIStatusBarStyle[sdk=iphonesimulator*]" = UIStatusBarStyleDefault;
				INFOPLIST_KEY_UISupportedInterfaceOrientations_iPad = "UIInterfaceOrientationPortrait UIInterfaceOrientationPortraitUpsideDown UIInterfaceOrientationLandscapeLeft UIInterfaceOrientationLandscapeRight";
				INFOPLIST_KEY_UISupportedInterfaceOrientations_iPhone = "UIInterfaceOrientationPortrait UIInterfaceOrientationLandscapeLeft UIInterfaceOrientationLandscapeRight";
				IPHONEOS_DEPLOYMENT_TARGET = 16.2;
				LD_RUNPATH_SEARCH_PATHS = "@executable_path/Frameworks";
				"LD_RUNPATH_SEARCH_PATHS[sdk=macosx*]" = "@executable_path/../Frameworks";
				MACOSX_DEPLOYMENT_TARGET = 13.1;
				MARKETING_VERSION = 1.0;
				PRODUCT_BUNDLE_IDENTIFIER = murat.com.FilmKitabiSwiftUI;
				PRODUCT_NAME = "$(TARGET_NAME)";
				SDKROOT = auto;
				SUPPORTED_PLATFORMS = "iphoneos iphonesimulator macosx";
				SWIFT_EMIT_LOC_STRINGS = YES;
				SWIFT_VERSION = 5.0;
				TARGETED_DEVICE_FAMILY = "1,2";
			};
			name = Debug;
		};
		04C7179D2954FA57000693BA /* Release */ = {
			isa = XCBuildConfiguration;
			buildSettings = {
				ASSETCATALOG_COMPILER_APPICON_NAME = AppIcon;
				ASSETCATALOG_COMPILER_GLOBAL_ACCENT_COLOR_NAME = AccentColor;
				CODE_SIGN_ENTITLEMENTS = FilmKitabiSwiftUI/FilmKitabiSwiftUI.entitlements;
				CODE_SIGN_STYLE = Automatic;
				CURRENT_PROJECT_VERSION = 1;
				DEVELOPMENT_ASSET_PATHS = "\"FilmKitabiSwiftUI/Preview Content\"";
				DEVELOPMENT_TEAM = F5DCDDDQPA;
				ENABLE_HARDENED_RUNTIME = YES;
				ENABLE_PREVIEWS = YES;
				GENERATE_INFOPLIST_FILE = YES;
				INFOPLIST_FILE = FilmKitabiSwiftUI/Info.plist;
				"INFOPLIST_KEY_UIApplicationSceneManifest_Generation[sdk=iphoneos*]" = YES;
				"INFOPLIST_KEY_UIApplicationSceneManifest_Generation[sdk=iphonesimulator*]" = YES;
				"INFOPLIST_KEY_UIApplicationSupportsIndirectInputEvents[sdk=iphoneos*]" = YES;
				"INFOPLIST_KEY_UIApplicationSupportsIndirectInputEvents[sdk=iphonesimulator*]" = YES;
				"INFOPLIST_KEY_UILaunchScreen_Generation[sdk=iphoneos*]" = YES;
				"INFOPLIST_KEY_UILaunchScreen_Generation[sdk=iphonesimulator*]" = YES;
				"INFOPLIST_KEY_UIStatusBarStyle[sdk=iphoneos*]" = UIStatusBarStyleDefault;
				"INFOPLIST_KEY_UIStatusBarStyle[sdk=iphonesimulator*]" = UIStatusBarStyleDefault;
				INFOPLIST_KEY_UISupportedInterfaceOrientations_iPad = "UIInterfaceOrientationPortrait UIInterfaceOrientationPortraitUpsideDown UIInterfaceOrientationLandscapeLeft UIInterfaceOrientationLandscapeRight";
				INFOPLIST_KEY_UISupportedInterfaceOrientations_iPhone = "UIInterfaceOrientationPortrait UIInterfaceOrientationLandscapeLeft UIInterfaceOrientationLandscapeRight";
				IPHONEOS_DEPLOYMENT_TARGET = 16.2;
				LD_RUNPATH_SEARCH_PATHS = "@executable_path/Frameworks";
				"LD_RUNPATH_SEARCH_PATHS[sdk=macosx*]" = "@executable_path/../Frameworks";
				MACOSX_DEPLOYMENT_TARGET = 13.1;
				MARKETING_VERSION = 1.0;
				PRODUCT_BUNDLE_IDENTIFIER = murat.com.FilmKitabiSwiftUI;
				PRODUCT_NAME = "$(TARGET_NAME)";
				SDKROOT = auto;
				SUPPORTED_PLATFORMS = "iphoneos iphonesimulator macosx";
				SWIFT_EMIT_LOC_STRINGS = YES;
				SWIFT_VERSION = 5.0;
				TARGETED_DEVICE_FAMILY = "1,2";
			};
			name = Release;
		};
		04C7179F2954FA57000693BA /* Debug */ = {
			isa = XCBuildConfiguration;
			buildSettings = {
				ALWAYS_EMBED_SWIFT_STANDARD_LIBRARIES = YES;
				BUNDLE_LOADER = "$(TEST_HOST)";
				CODE_SIGN_STYLE = Automatic;
				CURRENT_PROJECT_VERSION = 1;
				DEVELOPMENT_TEAM = F5DCDDDQPA;
				GENERATE_INFOPLIST_FILE = YES;
				IPHONEOS_DEPLOYMENT_TARGET = 16.2;
				MACOSX_DEPLOYMENT_TARGET = 13.1;
				MARKETING_VERSION = 1.0;
				PRODUCT_BUNDLE_IDENTIFIER = murat.com.FilmKitabiSwiftUITests;
				PRODUCT_NAME = "$(TARGET_NAME)";
				SDKROOT = auto;
				SUPPORTED_PLATFORMS = "iphoneos iphonesimulator macosx";
				SWIFT_EMIT_LOC_STRINGS = NO;
				SWIFT_VERSION = 5.0;
				TARGETED_DEVICE_FAMILY = "1,2";
				TEST_HOST = "$(BUILT_PRODUCTS_DIR)/FilmKitabiSwiftUI.app/$(BUNDLE_EXECUTABLE_FOLDER_PATH)/FilmKitabiSwiftUI";
			};
			name = Debug;
		};
		04C717A02954FA57000693BA /* Release */ = {
			isa = XCBuildConfiguration;
			buildSettings = {
				ALWAYS_EMBED_SWIFT_STANDARD_LIBRARIES = YES;
				BUNDLE_LOADER = "$(TEST_HOST)";
				CODE_SIGN_STYLE = Automatic;
				CURRENT_PROJECT_VERSION = 1;
				DEVELOPMENT_TEAM = F5DCDDDQPA;
				GENERATE_INFOPLIST_FILE = YES;
				IPHONEOS_DEPLOYMENT_TARGET = 16.2;
				MACOSX_DEPLOYMENT_TARGET = 13.1;
				MARKETING_VERSION = 1.0;
				PRODUCT_BUNDLE_IDENTIFIER = murat.com.FilmKitabiSwiftUITests;
				PRODUCT_NAME = "$(TARGET_NAME)";
				SDKROOT = auto;
				SUPPORTED_PLATFORMS = "iphoneos iphonesimulator macosx";
				SWIFT_EMIT_LOC_STRINGS = NO;
				SWIFT_VERSION = 5.0;
				TARGETED_DEVICE_FAMILY = "1,2";
				TEST_HOST = "$(BUILT_PRODUCTS_DIR)/FilmKitabiSwiftUI.app/$(BUNDLE_EXECUTABLE_FOLDER_PATH)/FilmKitabiSwiftUI";
			};
			name = Release;
		};
		04C717A22954FA57000693BA /* Debug */ = {
			isa = XCBuildConfiguration;
			buildSettings = {
				ALWAYS_EMBED_SWIFT_STANDARD_LIBRARIES = YES;
				CODE_SIGN_STYLE = Automatic;
				CURRENT_PROJECT_VERSION = 1;
				DEVELOPMENT_TEAM = F5DCDDDQPA;
				GENERATE_INFOPLIST_FILE = YES;
				IPHONEOS_DEPLOYMENT_TARGET = 16.2;
				MACOSX_DEPLOYMENT_TARGET = 13.1;
				MARKETING_VERSION = 1.0;
				PRODUCT_BUNDLE_IDENTIFIER = murat.com.FilmKitabiSwiftUIUITests;
				PRODUCT_NAME = "$(TARGET_NAME)";
				SDKROOT = auto;
				SUPPORTED_PLATFORMS = "iphoneos iphonesimulator macosx";
				SWIFT_EMIT_LOC_STRINGS = NO;
				SWIFT_VERSION = 5.0;
				TARGETED_DEVICE_FAMILY = "1,2";
				TEST_TARGET_NAME = FilmKitabiSwiftUI;
			};
			name = Debug;
		};
		04C717A32954FA57000693BA /* Release */ = {
			isa = XCBuildConfiguration;
			buildSettings = {
				ALWAYS_EMBED_SWIFT_STANDARD_LIBRARIES = YES;
				CODE_SIGN_STYLE = Automatic;
				CURRENT_PROJECT_VERSION = 1;
				DEVELOPMENT_TEAM = F5DCDDDQPA;
				GENERATE_INFOPLIST_FILE = YES;
				IPHONEOS_DEPLOYMENT_TARGET = 16.2;
				MACOSX_DEPLOYMENT_TARGET = 13.1;
				MARKETING_VERSION = 1.0;
				PRODUCT_BUNDLE_IDENTIFIER = murat.com.FilmKitabiSwiftUIUITests;
				PRODUCT_NAME = "$(TARGET_NAME)";
				SDKROOT = auto;
				SUPPORTED_PLATFORMS = "iphoneos iphonesimulator macosx";
				SWIFT_EMIT_LOC_STRINGS = NO;
				SWIFT_VERSION = 5.0;
				TARGETED_DEVICE_FAMILY = "1,2";
				TEST_TARGET_NAME = FilmKitabiSwiftUI;
			};
			name = Release;
		};
/* End XCBuildConfiguration section */

/* Begin XCConfigurationList section */
		04C717712954FA56000693BA /* Build configuration list for PBXProject "FilmKitabiSwiftUI" */ = {
			isa = XCConfigurationList;
			buildConfigurations = (
				04C717992954FA57000693BA /* Debug */,
				04C7179A2954FA57000693BA /* Release */,
			);
			defaultConfigurationIsVisible = 0;
			defaultConfigurationName = Release;
		};
		04C7179B2954FA57000693BA /* Build configuration list for PBXNativeTarget "FilmKitabiSwiftUI" */ = {
			isa = XCConfigurationList;
			buildConfigurations = (
				04C7179C2954FA57000693BA /* Debug */,
				04C7179D2954FA57000693BA /* Release */,
			);
			defaultConfigurationIsVisible = 0;
			defaultConfigurationName = Release;
		};
		04C7179E2954FA57000693BA /* Build configuration list for PBXNativeTarget "FilmKitabiSwiftUITests" */ = {
			isa = XCConfigurationList;
			buildConfigurations = (
				04C7179F2954FA57000693BA /* Debug */,
				04C717A02954FA57000693BA /* Release */,
			);
			defaultConfigurationIsVisible = 0;
			defaultConfigurationName = Release;
		};
		04C717A12954FA57000693BA /* Build configuration list for PBXNativeTarget "FilmKitabiSwiftUIUITests" */ = {
			isa = XCConfigurationList;
			buildConfigurations = (
				04C717A22954FA57000693BA /* Debug */,
				04C717A32954FA57000693BA /* Release */,
			);
			defaultConfigurationIsVisible = 0;
			defaultConfigurationName = Release;
		};
/* End XCConfigurationList section */
	};
	rootObject = 04C7176E2954FA56000693BA /* Project object */;
}
